
Microsoft Visual Studio Solution File, Format Version 12.00
# Visual Studio Version 16
VisualStudioVersion = 16.0.30413.136
MinimumVisualStudioVersion = 10.0.40219.1
Project("{FAE04EC0-301F-11D3-BF4B-00C04F79EFBC}") = "GradeBook", "GradeBook\GradeBook.csproj", "{5CC991E2-F1D8-4111-AC85-5B149CA2FBE2}"
EndProject
Global
	GlobalSection(SolutionConfigurationPlatforms) = preSolution
		Debug|Any CPU = Debug|Any CPU
		Release|Any CPU = Release|Any CPU
	EndGlobalSection
	GlobalSection(ProjectConfigurationPlatforms) = postSolution
		{5CC991E2-F1D8-4111-AC85-5B149CA2FBE2}.Debug|Any CPU.ActiveCfg = Debug|Any CPU
		{5CC991E2-F1D8-4111-AC85-5B149CA2FBE2}.Debug|Any CPU.Build.0 = Debug|Any CPU
		{5CC991E2-F1D8-4111-AC85-5B149CA2FBE2}.Release|Any CPU.ActiveCfg = Release|Any CPU
		{5CC991E2-F1D8-4111-AC85-5B149CA2FBE2}.Release|Any CPU.Build.0 = Release|Any CPU
	EndGlobalSection
	GlobalSection(SolutionProperties) = preSolution
		HideSolutionNode = FALSE
	EndGlobalSection
	GlobalSection(ExtensibilityGlobals) = postSolution
		SolutionGuid = {08C33EAE-42DB-40B9-B3B7-85C32D4AAC74}
	EndGlobalSection
EndGlobal
